
Microsoft Visual Studio Solution File, Format Version 11.00
# Visual Studio 2010
Project("{FAE04EC0-301F-11D3-BF4B-00C04F79EFBC}") = "Assembly-CSharp", "Assembly-CSharp.csproj", "{ef802628-ad5b-4a32-91e3-7fb498deb12c}"
EndProject
Global
	GlobalSection(SolutionConfigurationPlatforms) = preSolution
		Debug|Any CPU = Debug|Any CPU
		Release|Any CPU = Release|Any CPU
	EndGlobalSection
	GlobalSection(ProjectConfigurationPlatforms) = postSolution
		{ef802628-ad5b-4a32-91e3-7fb498deb12c}.Debug|Any CPU.ActiveCfg = Debug|Any CPU
		{ef802628-ad5b-4a32-91e3-7fb498deb12c}.Debug|Any CPU.Build.0 = Debug|Any CPU
		{ef802628-ad5b-4a32-91e3-7fb498deb12c}.Release|Any CPU.ActiveCfg = Release|Any CPU
		{ef802628-ad5b-4a32-91e3-7fb498deb12c}.Release|Any CPU.Build.0 = Release|Any CPU
	EndGlobalSection
	GlobalSection(SolutionProperties) = preSolution
		HideSolutionNode = FALSE
	EndGlobalSection
EndGlobal
